
Microsoft Visual Studio Solution File, Format Version 12.00
# Visual Studio Version 17
VisualStudioVersion = 17.9.34310.174
MinimumVisualStudioVersion = 10.0.40219.1
Project("{9A19103F-16F7-4668-BE54-9A1E7A4F7556}") = "GadgetUpdateCheck", "GadgetUpdateCheck\GadgetUpdateCheck.csproj", "{C749E659-8B3A-422D-98A7-39A348024FF5}"
EndProject
Project("{9A19103F-16F7-4668-BE54-9A1E7A4F7556}") = "GadgetUpdateCheck.Desktop", "GadgetUpdateCheck.Desktop\GadgetUpdateCheck.Desktop.csproj", "{AD8CE8B1-FF9C-4F14-9C0E-6796A8B3301D}"
EndProject
Global
	GlobalSection(SolutionConfigurationPlatforms) = preSolution
		Debug|Any CPU = Debug|Any CPU
		Release|Any CPU = Release|Any CPU
	EndGlobalSection
	GlobalSection(ProjectConfigurationPlatforms) = postSolution
		{C749E659-8B3A-422D-98A7-39A348024FF5}.Debug|Any CPU.ActiveCfg = Debug|Any CPU
		{C749E659-8B3A-422D-98A7-39A348024FF5}.Debug|Any CPU.Build.0 = Debug|Any CPU
		{C749E659-8B3A-422D-98A7-39A348024FF5}.Release|Any CPU.ActiveCfg = Release|Any CPU
		{C749E659-8B3A-422D-98A7-39A348024FF5}.Release|Any CPU.Build.0 = Release|Any CPU
		{AD8CE8B1-FF9C-4F14-9C0E-6796A8B3301D}.Debug|Any CPU.ActiveCfg = Debug|Any CPU
		{AD8CE8B1-FF9C-4F14-9C0E-6796A8B3301D}.Debug|Any CPU.Build.0 = Debug|Any CPU
		{AD8CE8B1-FF9C-4F14-9C0E-6796A8B3301D}.Release|Any CPU.ActiveCfg = Release|Any CPU
		{AD8CE8B1-FF9C-4F14-9C0E-6796A8B3301D}.Release|Any CPU.Build.0 = Release|Any CPU
	EndGlobalSection
	GlobalSection(SolutionProperties) = preSolution
		HideSolutionNode = FALSE
	EndGlobalSection
	GlobalSection(ExtensibilityGlobals) = postSolution
		SolutionGuid = {BEAE07B4-1A95-4BFE-B086-13DCDE90D6B4}
	EndGlobalSection
EndGlobal
